{
  "object": {
    "pins": [
      {
        "package": "DittoSwift",
        "repositoryURL": "https://github.com/getditto/DittoSwift",
        "state": {
          "branch": null,
          "revision": "546801b9c78742a84f9d3656cb77dfd9aa3a092c",
          "version": "1.0.19"
        }
      }
    ]
  },
  "version": 1
}
