{
  "object": {
    "pins": [
      {
        "package": "DittoSwift",
        "repositoryURL": "https://github.com/getditto/DittoSwift",
        "state": {
          "branch": null,
          "revision": "1fd9fd164a1f297c4f8ab6b24517108b69d47439",
          "version": "1.0.19"
        }
      }
    ]
  },
  "version": 1
}
