{
  "pins" : [
    {
      "identity" : "dittoswiftpackage",
      "kind" : "remoteSourceControl",
      "location" : "https://github.com/getditto/DittoSwiftPackage",
      "state" : {
        "revision" : "9a550f6e128154f07fa3d5b168d7379914d7d453",
        "version" : "1.1.9"
      }
    }
  ],
  "version" : 2
}
