{
  "pins" : [
    {
      "identity" : "dittoswiftpackage",
      "kind" : "remoteSourceControl",
      "location" : "https://github.com/getditto/DittoSwiftPackage",
      "state" : {
        "branch" : "main",
        "revision" : "1334c4e50d858a057513a1361eb7d40d36022519"
      }
    }
  ],
  "version" : 2
}
