{
  "pins" : [
    {
      "identity" : "dittoswiftpackage",
      "kind" : "remoteSourceControl",
      "location" : "https://github.com/getditto/DittoSwiftPackage",
      "state" : {
        "branch" : "main",
        "revision" : "f11571e020980bfdbb3d5dfda9c4cd4cd689723f"
      }
    }
  ],
  "version" : 2
}
